
Microsoft Visual Studio Solution File, Format Version 12.00
# Visual Studio Version 16
VisualStudioVersion = 25.0.1704.0
MinimumVisualStudioVersion = 10.0.40219.1
Project("{FAE04EC0-301F-11D3-BF4B-00C04F79EFBC}") = "HeaderExchange", "HeaderExchange\HeaderExchange.csproj", "{254E4ED6-1A67-4EBC-BBD2-CBF8ED64BBA5}"
EndProject
Global
	GlobalSection(SolutionConfigurationPlatforms) = preSolution
		Debug|Any CPU = Debug|Any CPU
		Release|Any CPU = Release|Any CPU
	EndGlobalSection
	GlobalSection(ProjectConfigurationPlatforms) = postSolution
		{254E4ED6-1A67-4EBC-BBD2-CBF8ED64BBA5}.Debug|Any CPU.ActiveCfg = Debug|Any CPU
		{254E4ED6-1A67-4EBC-BBD2-CBF8ED64BBA5}.Debug|Any CPU.Build.0 = Debug|Any CPU
		{254E4ED6-1A67-4EBC-BBD2-CBF8ED64BBA5}.Release|Any CPU.ActiveCfg = Release|Any CPU
		{254E4ED6-1A67-4EBC-BBD2-CBF8ED64BBA5}.Release|Any CPU.Build.0 = Release|Any CPU
	EndGlobalSection
	GlobalSection(SolutionProperties) = preSolution
		HideSolutionNode = FALSE
	EndGlobalSection
	GlobalSection(ExtensibilityGlobals) = postSolution
		SolutionGuid = {4862121C-3ADA-4ACF-89C3-FA259D0629D5}
	EndGlobalSection
EndGlobal
